// !$*UTF8*$!
{
	archiveVersion = 1;
	classes = {
	};
	objectVersion = 56;
	objects = {

/* Begin PBXBuildFile section */
		4DEED45A848B3925E68C1FDA /* Pods_MyFavPlaces.framework in Frameworks */ = {isa = PBXBuildFile; fileRef = 508F3E2229B5873305A520FB /* Pods_MyFavPlaces.framework */; };
		9F61B3D02BE9747500F33522 /* AppDelegate.swift in Sources */ = {isa = PBXBuildFile; fileRef = 9F61B3CF2BE9747500F33522 /* AppDelegate.swift */; };
		9F61B3D22BE9747500F33522 /* SceneDelegate.swift in Sources */ = {isa = PBXBuildFile; fileRef = 9F61B3D12BE9747500F33522 /* SceneDelegate.swift */; };
		9F61B3D72BE9747500F33522 /* Base in Resources */ = {isa = PBXBuildFile; fileRef = 9F61B3D62BE9747500F33522 /* Base */; };
		9F61B3D92BE9747600F33522 /* Assets.xcassets in Resources */ = {isa = PBXBuildFile; fileRef = 9F61B3D82BE9747600F33522 /* Assets.xcassets */; };
		9F61B3E42BE9784E00F33522 /* MainViewController.swift in Sources */ = {isa = PBXBuildFile; fileRef = 9F61B3E32BE9784E00F33522 /* MainViewController.swift */; };
		9F61B3E62BE9786800F33522 /* TableViewCell.swift in Sources */ = {isa = PBXBuildFile; fileRef = 9F61B3E52BE9786800F33522 /* TableViewCell.swift */; };
		9F61B3E82BEB59BE00F33522 /* PlaceModel.swift in Sources */ = {isa = PBXBuildFile; fileRef = 9F61B3E72BEB59BE00F33522 /* PlaceModel.swift */; };
		9F61B3EA2BEB6C5900F33522 /* NewPlaceViewController.swift in Sources */ = {isa = PBXBuildFile; fileRef = 9F61B3E92BEB6C5900F33522 /* NewPlaceViewController.swift */; };
		9F6A8B142BEE83360067E00F /* MapManager.swift in Sources */ = {isa = PBXBuildFile; fileRef = 9F6A8B132BEE83360067E00F /* MapManager.swift */; };
		9F7A39CF2BEC32CF009C98BD /* StorageManager.swift in Sources */ = {isa = PBXBuildFile; fileRef = 9F7A39CE2BEC32CF009C98BD /* StorageManager.swift */; };
		9F7C127B2BEDE66700DDF707 /* MapViewController.swift in Sources */ = {isa = PBXBuildFile; fileRef = 9F7C127A2BEDE66700DDF707 /* MapViewController.swift */; };
		9FF978462BED2B3500D2E171 /* RatingControl.swift in Sources */ = {isa = PBXBuildFile; fileRef = 9FF978452BED2B3500D2E171 /* RatingControl.swift */; };
/* End PBXBuildFile section */

/* Begin PBXFileReference section */
		508F3E2229B5873305A520FB /* Pods_MyFavPlaces.framework */ = {isa = PBXFileReference; explicitFileType = wrapper.framework; includeInIndex = 0; path = Pods_MyFavPlaces.framework; sourceTree = BUILT_PRODUCTS_DIR; };
		71B5DC363239FD54B3E21C66 /* Pods-MyFavPlaces.debug.xcconfig */ = {isa = PBXFileReference; includeInIndex = 1; lastKnownFileType = text.xcconfig; name = "Pods-MyFavPlaces.debug.xcconfig"; path = "Target Support Files/Pods-MyFavPlaces/Pods-MyFavPlaces.debug.xcconfig"; sourceTree = "<group>"; };
		9F61B3CC2BE9747500F33522 /* MyFavPlaces.app */ = {isa = PBXFileReference; explicitFileType = wrapper.application; includeInIndex = 0; path = MyFavPlaces.app; sourceTree = BUILT_PRODUCTS_DIR; };
		9F61B3CF2BE9747500F33522 /* AppDelegate.swift */ = {isa = PBXFileReference; lastKnownFileType = sourcecode.swift; path = AppDelegate.swift; sourceTree = "<group>"; };
		9F61B3D12BE9747500F33522 /* SceneDelegate.swift */ = {isa = PBXFileReference; lastKnownFileType = sourcecode.swift; path = SceneDelegate.swift; sourceTree = "<group>"; };
		9F61B3D62BE9747500F33522 /* Base */ = {isa = PBXFileReference; lastKnownFileType = file.storyboard; name = Base; path = Base.lproj/Main.storyboard; sourceTree = "<group>"; };
		9F61B3D82BE9747600F33522 /* Assets.xcassets */ = {isa = PBXFileReference; lastKnownFileType = folder.assetcatalog; path = Assets.xcassets; sourceTree = "<group>"; };
		9F61B3DB2BE9747600F33522 /* Base */ = {isa = PBXFileReference; lastKnownFileType = file.storyboard; name = Base; path = Base.lproj/LaunchScreen.storyboard; sourceTree = "<group>"; };
		9F61B3DD2BE9747600F33522 /* Info.plist */ = {isa = PBXFileReference; lastKnownFileType = text.plist.xml; path = Info.plist; sourceTree = "<group>"; };
		9F61B3E32BE9784E00F33522 /* MainViewController.swift */ = {isa = PBXFileReference; lastKnownFileType = sourcecode.swift; path = MainViewController.swift; sourceTree = "<group>"; };
		9F61B3E52BE9786800F33522 /* TableViewCell.swift */ = {isa = PBXFileReference; lastKnownFileType = sourcecode.swift; path = TableViewCell.swift; sourceTree = "<group>"; };
		9F61B3E72BEB59BE00F33522 /* PlaceModel.swift */ = {isa = PBXFileReference; lastKnownFileType = sourcecode.swift; path = PlaceModel.swift; sourceTree = "<group>"; };
		9F61B3E92BEB6C5900F33522 /* NewPlaceViewController.swift */ = {isa = PBXFileReference; lastKnownFileType = sourcecode.swift; path = NewPlaceViewController.swift; sourceTree = "<group>"; };
		9F6A8B132BEE83360067E00F /* MapManager.swift */ = {isa = PBXFileReference; lastKnownFileType = sourcecode.swift; path = MapManager.swift; sourceTree = "<group>"; };
		9F7A39CE2BEC32CF009C98BD /* StorageManager.swift */ = {isa = PBXFileReference; lastKnownFileType = sourcecode.swift; path = StorageManager.swift; sourceTree = "<group>"; };
		9F7C127A2BEDE66700DDF707 /* MapViewController.swift */ = {isa = PBXFileReference; lastKnownFileType = sourcecode.swift; path = MapViewController.swift; sourceTree = "<group>"; };
		9FF978452BED2B3500D2E171 /* RatingControl.swift */ = {isa = PBXFileReference; lastKnownFileType = sourcecode.swift; path = RatingControl.swift; sourceTree = "<group>"; };
		F7810DBE76AC1208F84FB7CA /* Pods-MyFavPlaces.release.xcconfig */ = {isa = PBXFileReference; includeInIndex = 1; lastKnownFileType = text.xcconfig; name = "Pods-MyFavPlaces.release.xcconfig"; path = "Target Support Files/Pods-MyFavPlaces/Pods-MyFavPlaces.release.xcconfig"; sourceTree = "<group>"; };
/* End PBXFileReference section */

/* Begin PBXFrameworksBuildPhase section */
		9F61B3C92BE9747500F33522 /* Frameworks */ = {
			isa = PBXFrameworksBuildPhase;
			buildActionMask = 2147483647;
			files = (
				4DEED45A848B3925E68C1FDA /* Pods_MyFavPlaces.framework in Frameworks */,
			);
			runOnlyForDeploymentPostprocessing = 0;
		};
/* End PBXFrameworksBuildPhase section */

/* Begin PBXGroup section */
		9F61B3C32BE9747500F33522 = {
			isa = PBXGroup;
			children = (
				9F61B3CE2BE9747500F33522 /* MyFavPlaces */,
				9F61B3CD2BE9747500F33522 /* Products */,
				DC412A6345A7F2D17A78D5FE /* Pods */,
				CEEB0E5985AA13DFEEF470C7 /* Frameworks */,
			);
			sourceTree = "<group>";
		};
		9F61B3CD2BE9747500F33522 /* Products */ = {
			isa = PBXGroup;
			children = (
				9F61B3CC2BE9747500F33522 /* MyFavPlaces.app */,
			);
			name = Products;
			sourceTree = "<group>";
		};
		9F61B3CE2BE9747500F33522 /* MyFavPlaces */ = {
			isa = PBXGroup;
			children = (
				9F6A8B152BEE8EAF0067E00F /* ViewControllers */,
				9F6A8B172BEE8ED70067E00F /* Helpers */,
				9F6A8B162BEE8ECA0067E00F /* Models */,
				9F6A8B182BEE8EEE0067E00F /* Support Files */,
				9F6A8B192BEE8F2B0067E00F /* IBuilder */,
				9F61B3DD2BE9747600F33522 /* Info.plist */,
			);
			path = MyFavPlaces;
			sourceTree = "<group>";
		};
		9F6A8B152BEE8EAF0067E00F /* ViewControllers */ = {
			isa = PBXGroup;
			children = (
				9F61B3E32BE9784E00F33522 /* MainViewController.swift */,
				9F61B3E52BE9786800F33522 /* TableViewCell.swift */,
				9F7C127A2BEDE66700DDF707 /* MapViewController.swift */,
				9F61B3E92BEB6C5900F33522 /* NewPlaceViewController.swift */,
			);
			path = ViewControllers;
			sourceTree = "<group>";
		};
		9F6A8B162BEE8ECA0067E00F /* Models */ = {
			isa = PBXGroup;
			children = (
				9F61B3E72BEB59BE00F33522 /* PlaceModel.swift */,
			);
			path = Models;
			sourceTree = "<group>";
		};
		9F6A8B172BEE8ED70067E00F /* Helpers */ = {
			isa = PBXGroup;
			children = (
				9F6A8B132BEE83360067E00F /* MapManager.swift */,
				9F7A39CE2BEC32CF009C98BD /* StorageManager.swift */,
				9FF978452BED2B3500D2E171 /* RatingControl.swift */,
			);
			path = Helpers;
			sourceTree = "<group>";
		};
		9F6A8B182BEE8EEE0067E00F /* Support Files */ = {
			isa = PBXGroup;
			children = (
				9F61B3CF2BE9747500F33522 /* AppDelegate.swift */,
				9F61B3D82BE9747600F33522 /* Assets.xcassets */,
				9F61B3D12BE9747500F33522 /* SceneDelegate.swift */,
			);
			path = "Support Files";
			sourceTree = "<group>";
		};
		9F6A8B192BEE8F2B0067E00F /* IBuilder */ = {
			isa = PBXGroup;
			children = (
				9F61B3D52BE9747500F33522 /* Main.storyboard */,
				9F61B3DA2BE9747600F33522 /* LaunchScreen.storyboard */,
			);
			path = IBuilder;
			sourceTree = "<group>";
		};
		CEEB0E5985AA13DFEEF470C7 /* Frameworks */ = {
			isa = PBXGroup;
			children = (
				508F3E2229B5873305A520FB /* Pods_MyFavPlaces.framework */,
			);
			name = Frameworks;
			sourceTree = "<group>";
		};
		DC412A6345A7F2D17A78D5FE /* Pods */ = {
			isa = PBXGroup;
			children = (
				71B5DC363239FD54B3E21C66 /* Pods-MyFavPlaces.debug.xcconfig */,
				F7810DBE76AC1208F84FB7CA /* Pods-MyFavPlaces.release.xcconfig */,
			);
			path = Pods;
			sourceTree = "<group>";
		};
/* End PBXGroup section */

/* Begin PBXNativeTarget section */
		9F61B3CB2BE9747500F33522 /* MyFavPlaces */ = {
			isa = PBXNativeTarget;
			buildConfigurationList = 9F61B3E02BE9747600F33522 /* Build configuration list for PBXNativeTarget "MyFavPlaces" */;
			buildPhases = (
				C36D11645A21B9959EF5D703 /* [CP] Check Pods Manifest.lock */,
				9F61B3C82BE9747500F33522 /* Sources */,
				9F61B3C92BE9747500F33522 /* Frameworks */,
				9F61B3CA2BE9747500F33522 /* Resources */,
				B5C15FBAE7784B3318160200 /* [CP] Embed Pods Frameworks */,
			);
			buildRules = (
			);
			dependencies = (
			);
			name = MyFavPlaces;
			productName = MyFavPlaces;
			productReference = 9F61B3CC2BE9747500F33522 /* MyFavPlaces.app */;
			productType = "com.apple.product-type.application";
		};
/* End PBXNativeTarget section */

/* Begin PBXProject section */
		9F61B3C42BE9747500F33522 /* Project object */ = {
			isa = PBXProject;
			attributes = {
				BuildIndependentTargetsInParallel = 1;
				LastSwiftUpdateCheck = 1530;
				LastUpgradeCheck = 1530;
				TargetAttributes = {
					9F61B3CB2BE9747500F33522 = {
						CreatedOnToolsVersion = 15.3;
					};
				};
			};
			buildConfigurationList = 9F61B3C72BE9747500F33522 /* Build configuration list for PBXProject "MyFavPlaces" */;
			compatibilityVersion = "Xcode 14.0";
			developmentRegion = en;
			hasScannedForEncodings = 0;
			knownRegions = (
				en,
				Base,
			);
			mainGroup = 9F61B3C32BE9747500F33522;
			productRefGroup = 9F61B3CD2BE9747500F33522 /* Products */;
			projectDirPath = "";
			projectRoot = "";
			targets = (
				9F61B3CB2BE9747500F33522 /* MyFavPlaces */,
			);
		};
/* End PBXProject section */

/* Begin PBXResourcesBuildPhase section */
		9F61B3CA2BE9747500F33522 /* Resources */ = {
			isa = PBXResourcesBuildPhase;
			buildActionMask = 2147483647;
			files = (
				9F61B3D92BE9747600F33522 /* Assets.xcassets in Resources */,
				9F61B3D72BE9747500F33522 /* Base in Resources */,
			);
			runOnlyForDeploymentPostprocessing = 0;
		};
/* End PBXResourcesBuildPhase section */

/* Begin PBXShellScriptBuildPhase section */
		B5C15FBAE7784B3318160200 /* [CP] Embed Pods Frameworks */ = {
			isa = PBXShellScriptBuildPhase;
			buildActionMask = 2147483647;
			files = (
			);
			inputFileListPaths = (
				"${PODS_ROOT}/Target Support Files/Pods-MyFavPlaces/Pods-MyFavPlaces-frameworks-${CONFIGURATION}-input-files.xcfilelist",
			);
			name = "[CP] Embed Pods Frameworks";
			outputFileListPaths = (
				"${PODS_ROOT}/Target Support Files/Pods-MyFavPlaces/Pods-MyFavPlaces-frameworks-${CONFIGURATION}-output-files.xcfilelist",
			);
			runOnlyForDeploymentPostprocessing = 0;
			shellPath = /bin/sh;
			shellScript = "\"${PODS_ROOT}/Target Support Files/Pods-MyFavPlaces/Pods-MyFavPlaces-frameworks.sh\"\n";
			showEnvVarsInLog = 0;
		};
		C36D11645A21B9959EF5D703 /* [CP] Check Pods Manifest.lock */ = {
			isa = PBXShellScriptBuildPhase;
			buildActionMask = 2147483647;
			files = (
			);
			inputFileListPaths = (
			);
			inputPaths = (
				"${PODS_PODFILE_DIR_PATH}/Podfile.lock",
				"${PODS_ROOT}/Manifest.lock",
			);
			name = "[CP] Check Pods Manifest.lock";
			outputFileListPaths = (
			);
			outputPaths = (
				"$(DERIVED_FILE_DIR)/Pods-MyFavPlaces-checkManifestLockResult.txt",
			);
			runOnlyForDeploymentPostprocessing = 0;
			shellPath = /bin/sh;
			shellScript = "diff \"${PODS_PODFILE_DIR_PATH}/Podfile.lock\" \"${PODS_ROOT}/Manifest.lock\" > /dev/null\nif [ $? != 0 ] ; then\n    # print error to STDERR\n    echo \"error: The sandbox is not in sync with the Podfile.lock. Run 'pod install' or update your CocoaPods installation.\" >&2\n    exit 1\nfi\n# This output is used by Xcode 'outputs' to avoid re-running this script phase.\necho \"SUCCESS\" > \"${SCRIPT_OUTPUT_FILE_0}\"\n";
			showEnvVarsInLog = 0;
		};
/* End PBXShellScriptBuildPhase section */

/* Begin PBXSourcesBuildPhase section */
		9F61B3C82BE9747500F33522 /* Sources */ = {
			isa = PBXSourcesBuildPhase;
			buildActionMask = 2147483647;
			files = (
				9F61B3E42BE9784E00F33522 /* MainViewController.swift in Sources */,
				9F61B3EA2BEB6C5900F33522 /* NewPlaceViewController.swift in Sources */,
				9F61B3E62BE9786800F33522 /* TableViewCell.swift in Sources */,
				9F7A39CF2BEC32CF009C98BD /* StorageManager.swift in Sources */,
				9F7C127B2BEDE66700DDF707 /* MapViewController.swift in Sources */,
				9FF978462BED2B3500D2E171 /* RatingControl.swift in Sources */,
				9F6A8B142BEE83360067E00F /* MapManager.swift in Sources */,
				9F61B3E82BEB59BE00F33522 /* PlaceModel.swift in Sources */,
				9F61B3D02BE9747500F33522 /* AppDelegate.swift in Sources */,
				9F61B3D22BE9747500F33522 /* SceneDelegate.swift in Sources */,
			);
			runOnlyForDeploymentPostprocessing = 0;
		};
/* End PBXSourcesBuildPhase section */

/* Begin PBXVariantGroup section */
		9F61B3D52BE9747500F33522 /* Main.storyboard */ = {
			isa = PBXVariantGroup;
			children = (
				9F61B3D62BE9747500F33522 /* Base */,
			);
			name = Main.storyboard;
			sourceTree = "<group>";
		};
		9F61B3DA2BE9747600F33522 /* LaunchScreen.storyboard */ = {
			isa = PBXVariantGroup;
			children = (
				9F61B3DB2BE9747600F33522 /* Base */,
			);
			name = LaunchScreen.storyboard;
			sourceTree = "<group>";
		};
/* End PBXVariantGroup section */

/* Begin XCBuildConfiguration section */
		9F61B3DE2BE9747600F33522 /* Debug */ = {
			isa = XCBuildConfiguration;
			buildSettings = {
				ALWAYS_SEARCH_USER_PATHS = NO;
				ASSETCATALOG_COMPILER_GENERATE_SWIFT_ASSET_SYMBOL_EXTENSIONS = YES;
				CLANG_ANALYZER_NONNULL = YES;
				CLANG_ANALYZER_NUMBER_OBJECT_CONVERSION = YES_AGGRESSIVE;
				CLANG_CXX_LANGUAGE_STANDARD = "gnu++20";
				CLANG_ENABLE_MODULES = YES;
				CLANG_ENABLE_OBJC_ARC = YES;
				CLANG_ENABLE_OBJC_WEAK = YES;
				CLANG_WARN_BLOCK_CAPTURE_AUTORELEASING = YES;
				CLANG_WARN_BOOL_CONVERSION = YES;
				CLANG_WARN_COMMA = YES;
				CLANG_WARN_CONSTANT_CONVERSION = YES;
				CLANG_WARN_DEPRECATED_OBJC_IMPLEMENTATIONS = YES;
				CLANG_WARN_DIRECT_OBJC_ISA_USAGE = YES_ERROR;
				CLANG_WARN_DOCUMENTATION_COMMENTS = YES;
				CLANG_WARN_EMPTY_BODY = YES;
				CLANG_WARN_ENUM_CONVERSION = YES;
				CLANG_WARN_INFINITE_RECURSION = YES;
				CLANG_WARN_INT_CONVERSION = YES;
				CLANG_WARN_NON_LITERAL_NULL_CONVERSION = YES;
				CLANG_WARN_OBJC_IMPLICIT_RETAIN_SELF = YES;
				CLANG_WARN_OBJC_LITERAL_CONVERSION = YES;
				CLANG_WARN_OBJC_ROOT_CLASS = YES_ERROR;
				CLANG_WARN_QUOTED_INCLUDE_IN_FRAMEWORK_HEADER = YES;
				CLANG_WARN_RANGE_LOOP_ANALYSIS = YES;
				CLANG_WARN_STRICT_PROTOTYPES = YES;
				CLANG_WARN_SUSPICIOUS_MOVE = YES;
				CLANG_WARN_UNGUARDED_AVAILABILITY = YES_AGGRESSIVE;
				CLANG_WARN_UNREACHABLE_CODE = YES;
				CLANG_WARN__DUPLICATE_METHOD_MATCH = YES;
				COPY_PHASE_STRIP = NO;
				DEBUG_INFORMATION_FORMAT = dwarf;
				ENABLE_STRICT_OBJC_MSGSEND = YES;
				ENABLE_TESTABILITY = YES;
				ENABLE_USER_SCRIPT_SANDBOXING = NO;
				GCC_C_LANGUAGE_STANDARD = gnu17;
				GCC_DYNAMIC_NO_PIC = NO;
				GCC_NO_COMMON_BLOCKS = YES;
				GCC_OPTIMIZATION_LEVEL = 0;
				GCC_PREPROCESSOR_DEFINITIONS = (
					"DEBUG=1",
					"$(inherited)",
				);
				GCC_WARN_64_TO_32_BIT_CONVERSION = YES;
				GCC_WARN_ABOUT_RETURN_TYPE = YES_ERROR;
				GCC_WARN_UNDECLARED_SELECTOR = YES;
				GCC_WARN_UNINITIALIZED_AUTOS = YES_AGGRESSIVE;
				GCC_WARN_UNUSED_FUNCTION = YES;
				GCC_WARN_UNUSED_VARIABLE = YES;
				IPHONEOS_DEPLOYMENT_TARGET = 17.4;
				LOCALIZATION_PREFERS_STRING_CATALOGS = YES;
				MTL_ENABLE_DEBUG_INFO = INCLUDE_SOURCE;
				MTL_FAST_MATH = YES;
				ONLY_ACTIVE_ARCH = YES;
				SDKROOT = iphoneos;
				SWIFT_ACTIVE_COMPILATION_CONDITIONS = "DEBUG $(inherited)";
				SWIFT_OPTIMIZATION_LEVEL = "-Onone";
			};
			name = Debug;
		};
		9F61B3DF2BE9747600F33522 /* Release */ = {
			isa = XCBuildConfiguration;
			buildSettings = {
				ALWAYS_SEARCH_USER_PATHS = NO;
				ASSETCATALOG_COMPILER_GENERATE_SWIFT_ASSET_SYMBOL_EXTENSIONS = YES;
				CLANG_ANALYZER_NONNULL = YES;
				CLANG_ANALYZER_NUMBER_OBJECT_CONVERSION = YES_AGGRESSIVE;
				CLANG_CXX_LANGUAGE_STANDARD = "gnu++20";
				CLANG_ENABLE_MODULES = YES;
				CLANG_ENABLE_OBJC_ARC = YES;
				CLANG_ENABLE_OBJC_WEAK = YES;
				CLANG_WARN_BLOCK_CAPTURE_AUTORELEASING = YES;
				CLANG_WARN_BOOL_CONVERSION = YES;
				CLANG_WARN_COMMA = YES;
				CLANG_WARN_CONSTANT_CONVERSION = YES;
				CLANG_WARN_DEPRECATED_OBJC_IMPLEMENTATIONS = YES;
				CLANG_WARN_DIRECT_OBJC_ISA_USAGE = YES_ERROR;
				CLANG_WARN_DOCUMENTATION_COMMENTS = YES;
				CLANG_WARN_EMPTY_BODY = YES;
				CLANG_WARN_ENUM_CONVERSION = YES;
				CLANG_WARN_INFINITE_RECURSION = YES;
				CLANG_WARN_INT_CONVERSION = YES;
				CLANG_WARN_NON_LITERAL_NULL_CONVERSION = YES;
				CLANG_WARN_OBJC_IMPLICIT_RETAIN_SELF = YES;
				CLANG_WARN_OBJC_LITERAL_CONVERSION = YES;
				CLANG_WARN_OBJC_ROOT_CLASS = YES_ERROR;
				CLANG_WARN_QUOTED_INCLUDE_IN_FRAMEWORK_HEADER = YES;
				CLANG_WARN_RANGE_LOOP_ANALYSIS = YES;
				CLANG_WARN_STRICT_PROTOTYPES = YES;
				CLANG_WARN_SUSPICIOUS_MOVE = YES;
				CLANG_WARN_UNGUARDED_AVAILABILITY = YES_AGGRESSIVE;
				CLANG_WARN_UNREACHABLE_CODE = YES;
				CLANG_WARN__DUPLICATE_METHOD_MATCH = YES;
				COPY_PHASE_STRIP = NO;
				DEBUG_INFORMATION_FORMAT = "dwarf-with-dsym";
				ENABLE_NS_ASSERTIONS = NO;
				ENABLE_STRICT_OBJC_MSGSEND = YES;
				ENABLE_USER_SCRIPT_SANDBOXING = NO;
				GCC_C_LANGUAGE_STANDARD = gnu17;
				GCC_NO_COMMON_BLOCKS = YES;
				GCC_WARN_64_TO_32_BIT_CONVERSION = YES;
				GCC_WARN_ABOUT_RETURN_TYPE = YES_ERROR;
				GCC_WARN_UNDECLARED_SELECTOR = YES;
				GCC_WARN_UNINITIALIZED_AUTOS = YES_AGGRESSIVE;
				GCC_WARN_UNUSED_FUNCTION = YES;
				GCC_WARN_UNUSED_VARIABLE = YES;
				IPHONEOS_DEPLOYMENT_TARGET = 17.4;
				LOCALIZATION_PREFERS_STRING_CATALOGS = YES;
				MTL_ENABLE_DEBUG_INFO = NO;
				MTL_FAST_MATH = YES;
				SDKROOT = iphoneos;
				SWIFT_COMPILATION_MODE = wholemodule;
				VALIDATE_PRODUCT = YES;
			};
			name = Release;
		};
		9F61B3E12BE9747600F33522 /* Debug */ = {
			isa = XCBuildConfiguration;
			baseConfigurationReference = 71B5DC363239FD54B3E21C66 /* Pods-MyFavPlaces.debug.xcconfig */;
			buildSettings = {
				ASSETCATALOG_COMPILER_APPICON_NAME = AppIcon;
				ASSETCATALOG_COMPILER_GLOBAL_ACCENT_COLOR_NAME = AccentColor;
				CODE_SIGN_STYLE = Automatic;
				CURRENT_PROJECT_VERSION = 1;
				DEVELOPMENT_TEAM = S5BZSQ678A;
				"EXCLUDED_ARCHS[sdk=iphonesimulator*]" = arm64;
				GENERATE_INFOPLIST_FILE = YES;
				INFOPLIST_FILE = MyFavPlaces/Info.plist;
				INFOPLIST_KEY_UIApplicationSupportsIndirectInputEvents = YES;
				INFOPLIST_KEY_UILaunchStoryboardName = LaunchScreen;
				INFOPLIST_KEY_UIMainStoryboardFile = Main;
				INFOPLIST_KEY_UISupportedInterfaceOrientations_iPad = "UIInterfaceOrientationPortrait UIInterfaceOrientationPortraitUpsideDown UIInterfaceOrientationLandscapeLeft UIInterfaceOrientationLandscapeRight";
				INFOPLIST_KEY_UISupportedInterfaceOrientations_iPhone = "UIInterfaceOrientationPortrait UIInterfaceOrientationLandscapeLeft UIInterfaceOrientationLandscapeRight";
				LD_RUNPATH_SEARCH_PATHS = (
					"$(inherited)",
					"@executable_path/Frameworks",
				);
				MARKETING_VERSION = 1.0;
				PRODUCT_BUNDLE_IDENTIFIER = com.mukaramgaitova.MyFavPlaces;
				PRODUCT_NAME = "$(TARGET_NAME)";
				SWIFT_EMIT_LOC_STRINGS = YES;
				SWIFT_VERSION = 5.0;
				TARGETED_DEVICE_FAMILY = "1,2";
			};
			name = Debug;
		};
		9F61B3E22BE9747600F33522 /* Release */ = {
			isa = XCBuildConfiguration;
			baseConfigurationReference = F7810DBE76AC1208F84FB7CA /* Pods-MyFavPlaces.release.xcconfig */;
			buildSettings = {
				ASSETCATALOG_COMPILER_APPICON_NAME = AppIcon;
				ASSETCATALOG_COMPILER_GLOBAL_ACCENT_COLOR_NAME = AccentColor;
				CODE_SIGN_STYLE = Automatic;
				CURRENT_PROJECT_VERSION = 1;
				DEVELOPMENT_TEAM = S5BZSQ678A;
				"EXCLUDED_ARCHS[sdk=iphonesimulator*]" = arm64;
				GENERATE_INFOPLIST_FILE = YES;
				INFOPLIST_FILE = MyFavPlaces/Info.plist;
				INFOPLIST_KEY_UIApplicationSupportsIndirectInputEvents = YES;
				INFOPLIST_KEY_UILaunchStoryboardName = LaunchScreen;
				INFOPLIST_KEY_UIMainStoryboardFile = Main;
				INFOPLIST_KEY_UISupportedInterfaceOrientations_iPad = "UIInterfaceOrientationPortrait UIInterfaceOrientationPortraitUpsideDown UIInterfaceOrientationLandscapeLeft UIInterfaceOrientationLandscapeRight";
				INFOPLIST_KEY_UISupportedInterfaceOrientations_iPhone = "UIInterfaceOrientationPortrait UIInterfaceOrientationLandscapeLeft UIInterfaceOrientationLandscapeRight";
				LD_RUNPATH_SEARCH_PATHS = (
					"$(inherited)",
					"@executable_path/Frameworks",
				);
				MARKETING_VERSION = 1.0;
				PRODUCT_BUNDLE_IDENTIFIER = com.mukaramgaitova.MyFavPlaces;
				PRODUCT_NAME = "$(TARGET_NAME)";
				SWIFT_EMIT_LOC_STRINGS = YES;
				SWIFT_VERSION = 5.0;
				TARGETED_DEVICE_FAMILY = "1,2";
			};
			name = Release;
		};
/* End XCBuildConfiguration section */

/* Begin XCConfigurationList section */
		9F61B3C72BE9747500F33522 /* Build configuration list for PBXProject "MyFavPlaces" */ = {
			isa = XCConfigurationList;
			buildConfigurations = (
				9F61B3DE2BE9747600F33522 /* Debug */,
				9F61B3DF2BE9747600F33522 /* Release */,
			);
			defaultConfigurationIsVisible = 0;
			defaultConfigurationName = Release;
		};
		9F61B3E02BE9747600F33522 /* Build configuration list for PBXNativeTarget "MyFavPlaces" */ = {
			isa = XCConfigurationList;
			buildConfigurations = (
				9F61B3E12BE9747600F33522 /* Debug */,
				9F61B3E22BE9747600F33522 /* Release */,
			);
			defaultConfigurationIsVisible = 0;
			defaultConfigurationName = Release;
		};
/* End XCConfigurationList section */
	};
	rootObject = 9F61B3C42BE9747500F33522 /* Project object */;
}
